
Microsoft Visual Studio Solution File, Format Version 12.00
# Visual Studio Version 17
VisualStudioVersion = 17.3.32825.248
MinimumVisualStudioVersion = 10.0.40219.1
Project("{FAE04EC0-301F-11D3-BF4B-00C04F79EFBC}") = "ChauGiaChan-2011068805", "ChauGiaChan-2011068805\ChauGiaChan-2011068805.csproj", "{1276F42E-5E5C-4FDA-B363-CB7AAAFA629B}"
EndProject
Global
	GlobalSection(SolutionConfigurationPlatforms) = preSolution
		Debug|Any CPU = Debug|Any CPU
		Release|Any CPU = Release|Any CPU
	EndGlobalSection
	GlobalSection(ProjectConfigurationPlatforms) = postSolution
		{1276F42E-5E5C-4FDA-B363-CB7AAAFA629B}.Debug|Any CPU.ActiveCfg = Debug|Any CPU
		{1276F42E-5E5C-4FDA-B363-CB7AAAFA629B}.Debug|Any CPU.Build.0 = Debug|Any CPU
		{1276F42E-5E5C-4FDA-B363-CB7AAAFA629B}.Release|Any CPU.ActiveCfg = Release|Any CPU
		{1276F42E-5E5C-4FDA-B363-CB7AAAFA629B}.Release|Any CPU.Build.0 = Release|Any CPU
	EndGlobalSection
	GlobalSection(SolutionProperties) = preSolution
		HideSolutionNode = FALSE
	EndGlobalSection
	GlobalSection(ExtensibilityGlobals) = postSolution
		SolutionGuid = {0D0CC74F-D6DD-4DDA-B970-33BD6255E0F9}
	EndGlobalSection
EndGlobal
